
Microsoft Visual Studio Solution File, Format Version 12.00
# Visual Studio Version 17
VisualStudioVersion = 17.1.32319.34
MinimumVisualStudioVersion = 10.0.40219.1
Project("{FAE04EC0-301F-11D3-BF4B-00C04F79EFBC}") = "DoxyTags_DNFW4", "DoxyTags_DNFW4\DoxyTags_DNFW4.csproj", "{9350E885-9782-4ADB-8588-4D2102ECF824}"
EndProject
Project("{FAE04EC0-301F-11D3-BF4B-00C04F79EFBC}") = "DoxyTags_DN6", "DoxyTags_DN6\DoxyTags_DN6.csproj", "{A8990078-D77D-4466-98D4-DF6F95C82077}"
EndProject
Global
	GlobalSection(SolutionConfigurationPlatforms) = preSolution
		Debug|Any CPU = Debug|Any CPU
		Release|Any CPU = Release|Any CPU
	EndGlobalSection
	GlobalSection(ProjectConfigurationPlatforms) = postSolution
		{9350E885-9782-4ADB-8588-4D2102ECF824}.Debug|Any CPU.ActiveCfg = Debug|Any CPU
		{9350E885-9782-4ADB-8588-4D2102ECF824}.Debug|Any CPU.Build.0 = Debug|Any CPU
		{9350E885-9782-4ADB-8588-4D2102ECF824}.Release|Any CPU.ActiveCfg = Release|Any CPU
		{9350E885-9782-4ADB-8588-4D2102ECF824}.Release|Any CPU.Build.0 = Release|Any CPU
		{A8990078-D77D-4466-98D4-DF6F95C82077}.Debug|Any CPU.ActiveCfg = Debug|Any CPU
		{A8990078-D77D-4466-98D4-DF6F95C82077}.Debug|Any CPU.Build.0 = Debug|Any CPU
		{A8990078-D77D-4466-98D4-DF6F95C82077}.Release|Any CPU.ActiveCfg = Release|Any CPU
		{A8990078-D77D-4466-98D4-DF6F95C82077}.Release|Any CPU.Build.0 = Release|Any CPU
	EndGlobalSection
	GlobalSection(SolutionProperties) = preSolution
		HideSolutionNode = FALSE
	EndGlobalSection
	GlobalSection(ExtensibilityGlobals) = postSolution
		SolutionGuid = {548B528A-73EA-4E73-8017-57FAC48D33FD}
	EndGlobalSection
EndGlobal
